<?xml version="1.0" encoding="utf-8"?>
<Project ToolsVersion="4.0" xmlns="http://schemas.microsoft.com/developer/msbuild/2003">
  <ItemGroup>
    <ClCompile Include="..\source\main.cpp" />
    <ClCompile Include="..\source\rend\Renderer.cpp">
      <Filter>rend</Filter>
    </ClCompile>
  </ItemGroup>
  <ItemGroup>
    <Filter Include="rend">
      <UniqueIdentifier>{9c11b300-ea0d-4e17-a4d4-32950904575e}</UniqueIdentifier>
    </Filter>
    <Filter Include="shaders">
      <UniqueIdentifier>{5219113e-8266-4f81-8862-6e16b080629f}</UniqueIdentifier>
    </Filter>
  </ItemGroup>
  <ItemGroup>
    <ClInclude Include="..\source\rend\Renderer.h">
      <Filter>rend</Filter>
    </ClInclude>
  </ItemGroup>
  <ItemGroup>
    <FxCompile Include="..\source\shader\Toy.vs.hlsl">
      <Filter>shaders</Filter>
    </FxCompile>
    <FxCompile Include="..\source\shader\Toy.ps.hlsl">
      <Filter>shaders</Filter>
    </FxCompile>
  </ItemGroup>
</Project>